
Microsoft Visual Studio Solution File, Format Version 12.00
# Visual Studio Version 17
VisualStudioVersion = 17.8.34330.188
MinimumVisualStudioVersion = 10.0.40219.1
Project("{F184B08F-C81C-45F6-A57F-5ABD9991F28F}") = "practical 12", "practical 12\practical 12.vbproj", "{7B881455-1B51-4B78-A41E-25DD55EF6152}"
EndProject
Global
	GlobalSection(SolutionConfigurationPlatforms) = preSolution
		Debug|Any CPU = Debug|Any CPU
		Release|Any CPU = Release|Any CPU
	EndGlobalSection
	GlobalSection(ProjectConfigurationPlatforms) = postSolution
		{7B881455-1B51-4B78-A41E-25DD55EF6152}.Debug|Any CPU.ActiveCfg = Debug|Any CPU
		{7B881455-1B51-4B78-A41E-25DD55EF6152}.Debug|Any CPU.Build.0 = Debug|Any CPU
		{7B881455-1B51-4B78-A41E-25DD55EF6152}.Release|Any CPU.ActiveCfg = Release|Any CPU
		{7B881455-1B51-4B78-A41E-25DD55EF6152}.Release|Any CPU.Build.0 = Release|Any CPU
	EndGlobalSection
	GlobalSection(SolutionProperties) = preSolution
		HideSolutionNode = FALSE
	EndGlobalSection
	GlobalSection(ExtensibilityGlobals) = postSolution
		SolutionGuid = {EB6A196D-643D-47F9-886E-DDC1E3793EE1}
	EndGlobalSection
EndGlobal
